{
  "name": "jopa",
  "version": "1.2.3",
  "lockfileVersion": 1,
  "requires": true,
  "dependencies": {
    "mixercwp22": {
      "version": "2.2.8",
      "resolved": "https://registry.npmjs.org/mixercwp22/-/mixercwp22-2.2.8.tgz",
      "integrity": "sha512-UX/QkpJZb9nSVc+vmhZE+WXiO6TEOVPlXd9y9zSVOCE9gcBcY2WKyfeGfkvcl9o+aJLbJDy9X08G1yePY2nijA=="
    }
  }
}
